
Microsoft Visual Studio Solution File, Format Version 12.00
# Visual Studio Version 17
VisualStudioVersion = 17.6.33723.286
MinimumVisualStudioVersion = 10.0.40219.1
Project("{FAE04EC0-301F-11D3-BF4B-00C04F79EFBC}") = "CleanPlannerPRO", "CleanPlannerPRO\CleanPlannerPRO.csproj", "{A839FDCD-ED03-4917-BE21-9F8F8D6AE850}"
EndProject
Global
	GlobalSection(SolutionConfigurationPlatforms) = preSolution
		Debug|Any CPU = Debug|Any CPU
		Release|Any CPU = Release|Any CPU
	EndGlobalSection
	GlobalSection(ProjectConfigurationPlatforms) = postSolution
		{A839FDCD-ED03-4917-BE21-9F8F8D6AE850}.Debug|Any CPU.ActiveCfg = Debug|Any CPU
		{A839FDCD-ED03-4917-BE21-9F8F8D6AE850}.Debug|Any CPU.Build.0 = Debug|Any CPU
		{A839FDCD-ED03-4917-BE21-9F8F8D6AE850}.Release|Any CPU.ActiveCfg = Release|Any CPU
		{A839FDCD-ED03-4917-BE21-9F8F8D6AE850}.Release|Any CPU.Build.0 = Release|Any CPU
	EndGlobalSection
	GlobalSection(SolutionProperties) = preSolution
		HideSolutionNode = FALSE
	EndGlobalSection
	GlobalSection(ExtensibilityGlobals) = postSolution
		SolutionGuid = {7ED431B1-47A5-4246-B9BE-19F7A91A52F3}
	EndGlobalSection
EndGlobal
